
Microsoft Visual Studio Solution File, Format Version 12.00
# Visual Studio Version 17
VisualStudioVersion = 17.7.34031.279
MinimumVisualStudioVersion = 10.0.40219.1
Project("{FAE04EC0-301F-11D3-BF4B-00C04F79EFBC}") = "CommandARGSDemonstration", "CommandARGSDemonstration\CommandARGSDemonstration.csproj", "{8E2E8E10-003C-416F-9317-F98DB146B6C0}"
EndProject
Global
	GlobalSection(SolutionConfigurationPlatforms) = preSolution
		Debug|Any CPU = Debug|Any CPU
		Release|Any CPU = Release|Any CPU
	EndGlobalSection
	GlobalSection(ProjectConfigurationPlatforms) = postSolution
		{8E2E8E10-003C-416F-9317-F98DB146B6C0}.Debug|Any CPU.ActiveCfg = Debug|Any CPU
		{8E2E8E10-003C-416F-9317-F98DB146B6C0}.Debug|Any CPU.Build.0 = Debug|Any CPU
		{8E2E8E10-003C-416F-9317-F98DB146B6C0}.Release|Any CPU.ActiveCfg = Release|Any CPU
		{8E2E8E10-003C-416F-9317-F98DB146B6C0}.Release|Any CPU.Build.0 = Release|Any CPU
	EndGlobalSection
	GlobalSection(SolutionProperties) = preSolution
		HideSolutionNode = FALSE
	EndGlobalSection
	GlobalSection(ExtensibilityGlobals) = postSolution
		SolutionGuid = {A9D640DC-9F74-4E27-A8D9-0220083AFC52}
	EndGlobalSection
EndGlobal
