
Microsoft Visual Studio Solution File, Format Version 12.00
# Visual Studio Version 17
VisualStudioVersion = 17.7.34031.279
MinimumVisualStudioVersion = 10.0.40219.1
Project("{FAE04EC0-301F-11D3-BF4B-00C04F79EFBC}") = "MånghörningarDrawingDemo", "MånghörningarDrawingDemo\MånghörningarDrawingDemo.csproj", "{534326A5-A32A-4AF5-A77E-037751552CD4}"
EndProject
Global
	GlobalSection(SolutionConfigurationPlatforms) = preSolution
		Debug|Any CPU = Debug|Any CPU
		Release|Any CPU = Release|Any CPU
	EndGlobalSection
	GlobalSection(ProjectConfigurationPlatforms) = postSolution
		{534326A5-A32A-4AF5-A77E-037751552CD4}.Debug|Any CPU.ActiveCfg = Debug|Any CPU
		{534326A5-A32A-4AF5-A77E-037751552CD4}.Debug|Any CPU.Build.0 = Debug|Any CPU
		{534326A5-A32A-4AF5-A77E-037751552CD4}.Release|Any CPU.ActiveCfg = Release|Any CPU
		{534326A5-A32A-4AF5-A77E-037751552CD4}.Release|Any CPU.Build.0 = Release|Any CPU
	EndGlobalSection
	GlobalSection(SolutionProperties) = preSolution
		HideSolutionNode = FALSE
	EndGlobalSection
	GlobalSection(ExtensibilityGlobals) = postSolution
		SolutionGuid = {A964B401-9A14-478F-BA18-69AD1DFB563B}
	EndGlobalSection
EndGlobal
