
Microsoft Visual Studio Solution File, Format Version 12.00
# Visual Studio Version 17
VisualStudioVersion = 17.7.34031.279
MinimumVisualStudioVersion = 10.0.40219.1
Project("{888888A0-9F3D-457C-B088-3A5042F75D52}") = "AutoDiceThrower", "AutoDiceThrower\AutoDiceThrower.pyproj", "{E41F6032-D55A-4A5A-AC0C-A6C6CA0E79CF}"
EndProject
Global
	GlobalSection(SolutionConfigurationPlatforms) = preSolution
		Debug|Any CPU = Debug|Any CPU
		Release|Any CPU = Release|Any CPU
	EndGlobalSection
	GlobalSection(ProjectConfigurationPlatforms) = postSolution
		{E41F6032-D55A-4A5A-AC0C-A6C6CA0E79CF}.Debug|Any CPU.ActiveCfg = Debug|Any CPU
		{E41F6032-D55A-4A5A-AC0C-A6C6CA0E79CF}.Release|Any CPU.ActiveCfg = Release|Any CPU
	EndGlobalSection
	GlobalSection(SolutionProperties) = preSolution
		HideSolutionNode = FALSE
	EndGlobalSection
	GlobalSection(ExtensibilityGlobals) = postSolution
		SolutionGuid = {8B42AA95-2ED8-47ED-8265-C1601F7EA4E4}
	EndGlobalSection
EndGlobal
